
Microsoft Visual Studio Solution File, Format Version 12.00
# Visual Studio Version 17
VisualStudioVersion = 17.6.33829.357
MinimumVisualStudioVersion = 10.0.40219.1
Project("{FAE04EC0-301F-11D3-BF4B-00C04F79EFBC}") = "MedicineChest", "MedicineChest.csproj", "{4006F96A-2B99-4DA0-95DB-3EE7A0A1668D}"
EndProject
Global
	GlobalSection(SolutionConfigurationPlatforms) = preSolution
		Debug|Any CPU = Debug|Any CPU
		Release|Any CPU = Release|Any CPU
	EndGlobalSection
	GlobalSection(ProjectConfigurationPlatforms) = postSolution
		{4006F96A-2B99-4DA0-95DB-3EE7A0A1668D}.Debug|Any CPU.ActiveCfg = Debug|Any CPU
		{4006F96A-2B99-4DA0-95DB-3EE7A0A1668D}.Debug|Any CPU.Build.0 = Debug|Any CPU
		{4006F96A-2B99-4DA0-95DB-3EE7A0A1668D}.Release|Any CPU.ActiveCfg = Release|Any CPU
		{4006F96A-2B99-4DA0-95DB-3EE7A0A1668D}.Release|Any CPU.Build.0 = Release|Any CPU
	EndGlobalSection
	GlobalSection(SolutionProperties) = preSolution
		HideSolutionNode = FALSE
	EndGlobalSection
	GlobalSection(ExtensibilityGlobals) = postSolution
		SolutionGuid = {5A2E4069-65C5-45FB-B902-098ED833C045}
	EndGlobalSection
EndGlobal
